
Microsoft Visual Studio Solution File, Format Version 12.00
# Visual Studio Version 16
VisualStudioVersion = 16.0.30204.135
MinimumVisualStudioVersion = 10.0.40219.1
Project("{FAE04EC0-301F-11D3-BF4B-00C04F79EFBC}") = "AdventOfCode2020", "AdventOfCode2020\AdventOfCode2020.csproj", "{8083CBEA-33BC-4EB1-B27F-DCF16EE11D6D}"
EndProject
Global
	GlobalSection(SolutionConfigurationPlatforms) = preSolution
		Debug|Any CPU = Debug|Any CPU
		Release|Any CPU = Release|Any CPU
	EndGlobalSection
	GlobalSection(ProjectConfigurationPlatforms) = postSolution
		{8083CBEA-33BC-4EB1-B27F-DCF16EE11D6D}.Debug|Any CPU.ActiveCfg = Debug|Any CPU
		{8083CBEA-33BC-4EB1-B27F-DCF16EE11D6D}.Debug|Any CPU.Build.0 = Debug|Any CPU
		{8083CBEA-33BC-4EB1-B27F-DCF16EE11D6D}.Release|Any CPU.ActiveCfg = Release|Any CPU
		{8083CBEA-33BC-4EB1-B27F-DCF16EE11D6D}.Release|Any CPU.Build.0 = Release|Any CPU
	EndGlobalSection
	GlobalSection(SolutionProperties) = preSolution
		HideSolutionNode = FALSE
	EndGlobalSection
	GlobalSection(ExtensibilityGlobals) = postSolution
		SolutionGuid = {79BFD922-A9E2-41C6-A0DA-1AC536DF39D0}
	EndGlobalSection
EndGlobal
